
Microsoft Visual Studio Solution File, Format Version 12.00
# Visual Studio Version 17
VisualStudioVersion = 17.1.32407.343
MinimumVisualStudioVersion = 10.0.40219.1
Project("{FAE04EC0-301F-11D3-BF4B-00C04F79EFBC}") = "Elden Ring Guides.Android", "Elden Ring Guides\Elden Ring Guides.Android\Elden Ring Guides.Android.csproj", "{B282EDFD-B4D6-4A23-8FCC-B10C9CC59A69}"
EndProject
Project("{FAE04EC0-301F-11D3-BF4B-00C04F79EFBC}") = "Elden Ring Guides.iOS", "Elden Ring Guides\Elden Ring Guides.iOS\Elden Ring Guides.iOS.csproj", "{D74821FA-39B6-41E2-95DB-D6638D7A54AE}"
EndProject
Project("{FAE04EC0-301F-11D3-BF4B-00C04F79EFBC}") = "Elden Ring Guides", "Elden Ring Guides\Elden Ring Guides\Elden Ring Guides.csproj", "{4E95A69E-C13E-4462-9755-10082E7B9B8B}"
EndProject
Global
	GlobalSection(SolutionConfigurationPlatforms) = preSolution
		Debug|Any CPU = Debug|Any CPU
		Debug|iPhone = Debug|iPhone
		Debug|iPhoneSimulator = Debug|iPhoneSimulator
		Release|Any CPU = Release|Any CPU
		Release|iPhone = Release|iPhone
		Release|iPhoneSimulator = Release|iPhoneSimulator
	EndGlobalSection
	GlobalSection(ProjectConfigurationPlatforms) = postSolution
		{B282EDFD-B4D6-4A23-8FCC-B10C9CC59A69}.Debug|Any CPU.ActiveCfg = Debug|Any CPU
		{B282EDFD-B4D6-4A23-8FCC-B10C9CC59A69}.Debug|Any CPU.Build.0 = Debug|Any CPU
		{B282EDFD-B4D6-4A23-8FCC-B10C9CC59A69}.Debug|Any CPU.Deploy.0 = Debug|Any CPU
		{B282EDFD-B4D6-4A23-8FCC-B10C9CC59A69}.Debug|iPhone.ActiveCfg = Debug|Any CPU
		{B282EDFD-B4D6-4A23-8FCC-B10C9CC59A69}.Debug|iPhone.Build.0 = Debug|Any CPU
		{B282EDFD-B4D6-4A23-8FCC-B10C9CC59A69}.Debug|iPhone.Deploy.0 = Debug|Any CPU
		{B282EDFD-B4D6-4A23-8FCC-B10C9CC59A69}.Debug|iPhoneSimulator.ActiveCfg = Debug|Any CPU
		{B282EDFD-B4D6-4A23-8FCC-B10C9CC59A69}.Debug|iPhoneSimulator.Build.0 = Debug|Any CPU
		{B282EDFD-B4D6-4A23-8FCC-B10C9CC59A69}.Debug|iPhoneSimulator.Deploy.0 = Debug|Any CPU
		{B282EDFD-B4D6-4A23-8FCC-B10C9CC59A69}.Release|Any CPU.ActiveCfg = Release|Any CPU
		{B282EDFD-B4D6-4A23-8FCC-B10C9CC59A69}.Release|Any CPU.Build.0 = Release|Any CPU
		{B282EDFD-B4D6-4A23-8FCC-B10C9CC59A69}.Release|Any CPU.Deploy.0 = Release|Any CPU
		{B282EDFD-B4D6-4A23-8FCC-B10C9CC59A69}.Release|iPhone.ActiveCfg = Release|Any CPU
		{B282EDFD-B4D6-4A23-8FCC-B10C9CC59A69}.Release|iPhone.Build.0 = Release|Any CPU
		{B282EDFD-B4D6-4A23-8FCC-B10C9CC59A69}.Release|iPhone.Deploy.0 = Release|Any CPU
		{B282EDFD-B4D6-4A23-8FCC-B10C9CC59A69}.Release|iPhoneSimulator.ActiveCfg = Release|Any CPU
		{B282EDFD-B4D6-4A23-8FCC-B10C9CC59A69}.Release|iPhoneSimulator.Build.0 = Release|Any CPU
		{B282EDFD-B4D6-4A23-8FCC-B10C9CC59A69}.Release|iPhoneSimulator.Deploy.0 = Release|Any CPU
		{D74821FA-39B6-41E2-95DB-D6638D7A54AE}.Debug|Any CPU.ActiveCfg = Debug|iPhone
		{D74821FA-39B6-41E2-95DB-D6638D7A54AE}.Debug|Any CPU.Build.0 = Debug|iPhone
		{D74821FA-39B6-41E2-95DB-D6638D7A54AE}.Debug|Any CPU.Deploy.0 = Debug|iPhone
		{D74821FA-39B6-41E2-95DB-D6638D7A54AE}.Debug|iPhone.ActiveCfg = Debug|iPhone
		{D74821FA-39B6-41E2-95DB-D6638D7A54AE}.Debug|iPhone.Build.0 = Debug|iPhone
		{D74821FA-39B6-41E2-95DB-D6638D7A54AE}.Debug|iPhone.Deploy.0 = Debug|iPhone
		{D74821FA-39B6-41E2-95DB-D6638D7A54AE}.Debug|iPhoneSimulator.ActiveCfg = Debug|iPhoneSimulator
		{D74821FA-39B6-41E2-95DB-D6638D7A54AE}.Debug|iPhoneSimulator.Build.0 = Debug|iPhoneSimulator
		{D74821FA-39B6-41E2-95DB-D6638D7A54AE}.Debug|iPhoneSimulator.Deploy.0 = Debug|iPhoneSimulator
		{D74821FA-39B6-41E2-95DB-D6638D7A54AE}.Release|Any CPU.ActiveCfg = Release|iPhoneSimulator
		{D74821FA-39B6-41E2-95DB-D6638D7A54AE}.Release|Any CPU.Build.0 = Release|iPhoneSimulator
		{D74821FA-39B6-41E2-95DB-D6638D7A54AE}.Release|Any CPU.Deploy.0 = Release|iPhoneSimulator
		{D74821FA-39B6-41E2-95DB-D6638D7A54AE}.Release|iPhone.ActiveCfg = Release|iPhone
		{D74821FA-39B6-41E2-95DB-D6638D7A54AE}.Release|iPhone.Build.0 = Release|iPhone
		{D74821FA-39B6-41E2-95DB-D6638D7A54AE}.Release|iPhone.Deploy.0 = Release|iPhone
		{D74821FA-39B6-41E2-95DB-D6638D7A54AE}.Release|iPhoneSimulator.ActiveCfg = Release|iPhoneSimulator
		{D74821FA-39B6-41E2-95DB-D6638D7A54AE}.Release|iPhoneSimulator.Build.0 = Release|iPhoneSimulator
		{D74821FA-39B6-41E2-95DB-D6638D7A54AE}.Release|iPhoneSimulator.Deploy.0 = Release|iPhoneSimulator
		{4E95A69E-C13E-4462-9755-10082E7B9B8B}.Debug|Any CPU.ActiveCfg = Debug|Any CPU
		{4E95A69E-C13E-4462-9755-10082E7B9B8B}.Debug|Any CPU.Build.0 = Debug|Any CPU
		{4E95A69E-C13E-4462-9755-10082E7B9B8B}.Debug|Any CPU.Deploy.0 = Debug|Any CPU
		{4E95A69E-C13E-4462-9755-10082E7B9B8B}.Debug|iPhone.ActiveCfg = Debug|Any CPU
		{4E95A69E-C13E-4462-9755-10082E7B9B8B}.Debug|iPhone.Build.0 = Debug|Any CPU
		{4E95A69E-C13E-4462-9755-10082E7B9B8B}.Debug|iPhone.Deploy.0 = Debug|Any CPU
		{4E95A69E-C13E-4462-9755-10082E7B9B8B}.Debug|iPhoneSimulator.ActiveCfg = Debug|Any CPU
		{4E95A69E-C13E-4462-9755-10082E7B9B8B}.Debug|iPhoneSimulator.Build.0 = Debug|Any CPU
		{4E95A69E-C13E-4462-9755-10082E7B9B8B}.Debug|iPhoneSimulator.Deploy.0 = Debug|Any CPU
		{4E95A69E-C13E-4462-9755-10082E7B9B8B}.Release|Any CPU.ActiveCfg = Release|Any CPU
		{4E95A69E-C13E-4462-9755-10082E7B9B8B}.Release|Any CPU.Build.0 = Release|Any CPU
		{4E95A69E-C13E-4462-9755-10082E7B9B8B}.Release|Any CPU.Deploy.0 = Release|Any CPU
		{4E95A69E-C13E-4462-9755-10082E7B9B8B}.Release|iPhone.ActiveCfg = Release|Any CPU
		{4E95A69E-C13E-4462-9755-10082E7B9B8B}.Release|iPhone.Build.0 = Release|Any CPU
		{4E95A69E-C13E-4462-9755-10082E7B9B8B}.Release|iPhone.Deploy.0 = Release|Any CPU
		{4E95A69E-C13E-4462-9755-10082E7B9B8B}.Release|iPhoneSimulator.ActiveCfg = Release|Any CPU
		{4E95A69E-C13E-4462-9755-10082E7B9B8B}.Release|iPhoneSimulator.Build.0 = Release|Any CPU
		{4E95A69E-C13E-4462-9755-10082E7B9B8B}.Release|iPhoneSimulator.Deploy.0 = Release|Any CPU
	EndGlobalSection
	GlobalSection(SolutionProperties) = preSolution
		HideSolutionNode = FALSE
	EndGlobalSection
	GlobalSection(ExtensibilityGlobals) = postSolution
		SolutionGuid = {BC3A7910-3C26-4ECE-A77D-B78638176F18}
	EndGlobalSection
EndGlobal
