
Microsoft Visual Studio Solution File, Format Version 12.00
# Visual Studio Version 17
VisualStudioVersion = 17.1.32407.343
MinimumVisualStudioVersion = 10.0.40219.1
Project("{FAE04EC0-301F-11D3-BF4B-00C04F79EFBC}") = "RoundtableHold.Android", "RoundtableHold\RoundtableHold.Android\RoundtableHold.Android.csproj", "{99B8BAB8-89C5-4B98-B4CB-ABA00EA459FC}"
EndProject
Project("{FAE04EC0-301F-11D3-BF4B-00C04F79EFBC}") = "RoundtableHold.iOS", "RoundtableHold\RoundtableHold.iOS\RoundtableHold.iOS.csproj", "{C0FADB24-7EC6-4EA9-89AE-2367F14F6E54}"
EndProject
Project("{FAE04EC0-301F-11D3-BF4B-00C04F79EFBC}") = "RoundtableHold", "RoundtableHold\RoundtableHold\RoundtableHold.csproj", "{8D74BD54-8AB7-4EB5-AC61-937941036570}"
EndProject
Global
	GlobalSection(SolutionConfigurationPlatforms) = preSolution
		Debug|Any CPU = Debug|Any CPU
		Debug|iPhone = Debug|iPhone
		Debug|iPhoneSimulator = Debug|iPhoneSimulator
		Release|Any CPU = Release|Any CPU
		Release|iPhone = Release|iPhone
		Release|iPhoneSimulator = Release|iPhoneSimulator
	EndGlobalSection
	GlobalSection(ProjectConfigurationPlatforms) = postSolution
		{99B8BAB8-89C5-4B98-B4CB-ABA00EA459FC}.Debug|Any CPU.ActiveCfg = Debug|Any CPU
		{99B8BAB8-89C5-4B98-B4CB-ABA00EA459FC}.Debug|Any CPU.Build.0 = Debug|Any CPU
		{99B8BAB8-89C5-4B98-B4CB-ABA00EA459FC}.Debug|Any CPU.Deploy.0 = Debug|Any CPU
		{99B8BAB8-89C5-4B98-B4CB-ABA00EA459FC}.Debug|iPhone.ActiveCfg = Debug|Any CPU
		{99B8BAB8-89C5-4B98-B4CB-ABA00EA459FC}.Debug|iPhone.Build.0 = Debug|Any CPU
		{99B8BAB8-89C5-4B98-B4CB-ABA00EA459FC}.Debug|iPhone.Deploy.0 = Debug|Any CPU
		{99B8BAB8-89C5-4B98-B4CB-ABA00EA459FC}.Debug|iPhoneSimulator.ActiveCfg = Debug|Any CPU
		{99B8BAB8-89C5-4B98-B4CB-ABA00EA459FC}.Debug|iPhoneSimulator.Build.0 = Debug|Any CPU
		{99B8BAB8-89C5-4B98-B4CB-ABA00EA459FC}.Debug|iPhoneSimulator.Deploy.0 = Debug|Any CPU
		{99B8BAB8-89C5-4B98-B4CB-ABA00EA459FC}.Release|Any CPU.ActiveCfg = Release|Any CPU
		{99B8BAB8-89C5-4B98-B4CB-ABA00EA459FC}.Release|Any CPU.Build.0 = Release|Any CPU
		{99B8BAB8-89C5-4B98-B4CB-ABA00EA459FC}.Release|Any CPU.Deploy.0 = Release|Any CPU
		{99B8BAB8-89C5-4B98-B4CB-ABA00EA459FC}.Release|iPhone.ActiveCfg = Release|Any CPU
		{99B8BAB8-89C5-4B98-B4CB-ABA00EA459FC}.Release|iPhone.Build.0 = Release|Any CPU
		{99B8BAB8-89C5-4B98-B4CB-ABA00EA459FC}.Release|iPhone.Deploy.0 = Release|Any CPU
		{99B8BAB8-89C5-4B98-B4CB-ABA00EA459FC}.Release|iPhoneSimulator.ActiveCfg = Release|Any CPU
		{99B8BAB8-89C5-4B98-B4CB-ABA00EA459FC}.Release|iPhoneSimulator.Build.0 = Release|Any CPU
		{99B8BAB8-89C5-4B98-B4CB-ABA00EA459FC}.Release|iPhoneSimulator.Deploy.0 = Release|Any CPU
		{C0FADB24-7EC6-4EA9-89AE-2367F14F6E54}.Debug|Any CPU.ActiveCfg = Debug|iPhone
		{C0FADB24-7EC6-4EA9-89AE-2367F14F6E54}.Debug|Any CPU.Build.0 = Debug|iPhone
		{C0FADB24-7EC6-4EA9-89AE-2367F14F6E54}.Debug|Any CPU.Deploy.0 = Debug|iPhone
		{C0FADB24-7EC6-4EA9-89AE-2367F14F6E54}.Debug|iPhone.ActiveCfg = Debug|iPhone
		{C0FADB24-7EC6-4EA9-89AE-2367F14F6E54}.Debug|iPhone.Build.0 = Debug|iPhone
		{C0FADB24-7EC6-4EA9-89AE-2367F14F6E54}.Debug|iPhone.Deploy.0 = Debug|iPhone
		{C0FADB24-7EC6-4EA9-89AE-2367F14F6E54}.Debug|iPhoneSimulator.ActiveCfg = Debug|iPhoneSimulator
		{C0FADB24-7EC6-4EA9-89AE-2367F14F6E54}.Debug|iPhoneSimulator.Build.0 = Debug|iPhoneSimulator
		{C0FADB24-7EC6-4EA9-89AE-2367F14F6E54}.Debug|iPhoneSimulator.Deploy.0 = Debug|iPhoneSimulator
		{C0FADB24-7EC6-4EA9-89AE-2367F14F6E54}.Release|Any CPU.ActiveCfg = Release|iPhoneSimulator
		{C0FADB24-7EC6-4EA9-89AE-2367F14F6E54}.Release|Any CPU.Build.0 = Release|iPhoneSimulator
		{C0FADB24-7EC6-4EA9-89AE-2367F14F6E54}.Release|Any CPU.Deploy.0 = Release|iPhoneSimulator
		{C0FADB24-7EC6-4EA9-89AE-2367F14F6E54}.Release|iPhone.ActiveCfg = Release|iPhone
		{C0FADB24-7EC6-4EA9-89AE-2367F14F6E54}.Release|iPhone.Build.0 = Release|iPhone
		{C0FADB24-7EC6-4EA9-89AE-2367F14F6E54}.Release|iPhone.Deploy.0 = Release|iPhone
		{C0FADB24-7EC6-4EA9-89AE-2367F14F6E54}.Release|iPhoneSimulator.ActiveCfg = Release|iPhoneSimulator
		{C0FADB24-7EC6-4EA9-89AE-2367F14F6E54}.Release|iPhoneSimulator.Build.0 = Release|iPhoneSimulator
		{C0FADB24-7EC6-4EA9-89AE-2367F14F6E54}.Release|iPhoneSimulator.Deploy.0 = Release|iPhoneSimulator
		{8D74BD54-8AB7-4EB5-AC61-937941036570}.Debug|Any CPU.ActiveCfg = Debug|Any CPU
		{8D74BD54-8AB7-4EB5-AC61-937941036570}.Debug|Any CPU.Build.0 = Debug|Any CPU
		{8D74BD54-8AB7-4EB5-AC61-937941036570}.Debug|Any CPU.Deploy.0 = Debug|Any CPU
		{8D74BD54-8AB7-4EB5-AC61-937941036570}.Debug|iPhone.ActiveCfg = Debug|Any CPU
		{8D74BD54-8AB7-4EB5-AC61-937941036570}.Debug|iPhone.Build.0 = Debug|Any CPU
		{8D74BD54-8AB7-4EB5-AC61-937941036570}.Debug|iPhone.Deploy.0 = Debug|Any CPU
		{8D74BD54-8AB7-4EB5-AC61-937941036570}.Debug|iPhoneSimulator.ActiveCfg = Debug|Any CPU
		{8D74BD54-8AB7-4EB5-AC61-937941036570}.Debug|iPhoneSimulator.Build.0 = Debug|Any CPU
		{8D74BD54-8AB7-4EB5-AC61-937941036570}.Debug|iPhoneSimulator.Deploy.0 = Debug|Any CPU
		{8D74BD54-8AB7-4EB5-AC61-937941036570}.Release|Any CPU.ActiveCfg = Release|Any CPU
		{8D74BD54-8AB7-4EB5-AC61-937941036570}.Release|Any CPU.Build.0 = Release|Any CPU
		{8D74BD54-8AB7-4EB5-AC61-937941036570}.Release|Any CPU.Deploy.0 = Release|Any CPU
		{8D74BD54-8AB7-4EB5-AC61-937941036570}.Release|iPhone.ActiveCfg = Release|Any CPU
		{8D74BD54-8AB7-4EB5-AC61-937941036570}.Release|iPhone.Build.0 = Release|Any CPU
		{8D74BD54-8AB7-4EB5-AC61-937941036570}.Release|iPhone.Deploy.0 = Release|Any CPU
		{8D74BD54-8AB7-4EB5-AC61-937941036570}.Release|iPhoneSimulator.ActiveCfg = Release|Any CPU
		{8D74BD54-8AB7-4EB5-AC61-937941036570}.Release|iPhoneSimulator.Build.0 = Release|Any CPU
		{8D74BD54-8AB7-4EB5-AC61-937941036570}.Release|iPhoneSimulator.Deploy.0 = Release|Any CPU
	EndGlobalSection
	GlobalSection(SolutionProperties) = preSolution
		HideSolutionNode = FALSE
	EndGlobalSection
	GlobalSection(ExtensibilityGlobals) = postSolution
		SolutionGuid = {3A9FF507-388D-4934-A8A1-01F8C27E6C37}
	EndGlobalSection
EndGlobal
